// !$*UTF8*$!
{
	archiveVersion = 1;
	classes = {
	};
	objectVersion = 56;
	objects = {

/* Begin PBXBuildFile section */
		38745F022ACC010E00ABA5FC /* News_swiftuiApp.swift in Sources */ = {isa = PBXBuildFile; fileRef = 38745F012ACC010E00ABA5FC /* News_swiftuiApp.swift */; };
		38745F042ACC010E00ABA5FC /* ContentView.swift in Sources */ = {isa = PBXBuildFile; fileRef = 38745F032ACC010E00ABA5FC /* ContentView.swift */; };
		38745F062ACC010F00ABA5FC /* Assets.xcassets in Resources */ = {isa = PBXBuildFile; fileRef = 38745F052ACC010F00ABA5FC /* Assets.xcassets */; };
		38745F092ACC010F00ABA5FC /* Preview Assets.xcassets in Resources */ = {isa = PBXBuildFile; fileRef = 38745F082ACC010F00ABA5FC /* Preview Assets.xcassets */; };
		38745F142ACC02CB00ABA5FC /* NetworkManager.swift in Sources */ = {isa = PBXBuildFile; fileRef = 38745F132ACC02CB00ABA5FC /* NetworkManager.swift */; };
		38745F162ACC061800ABA5FC /* Post.swift in Sources */ = {isa = PBXBuildFile; fileRef = 38745F152ACC061800ABA5FC /* Post.swift */; };
		38745F192ACC0BC300ABA5FC /* DetailView.swift in Sources */ = {isa = PBXBuildFile; fileRef = 38745F182ACC0BC300ABA5FC /* DetailView.swift */; };
		38745F1B2ACC0F2D00ABA5FC /* DetailWebView.swift in Sources */ = {isa = PBXBuildFile; fileRef = 38745F1A2ACC0F2D00ABA5FC /* DetailWebView.swift */; };
/* End PBXBuildFile section */

/* Begin PBXFileReference section */
		38745EFE2ACC010E00ABA5FC /* News-swiftui.app */ = {isa = PBXFileReference; explicitFileType = wrapper.application; includeInIndex = 0; path = "News-swiftui.app"; sourceTree = BUILT_PRODUCTS_DIR; };
		38745F012ACC010E00ABA5FC /* News_swiftuiApp.swift */ = {isa = PBXFileReference; lastKnownFileType = sourcecode.swift; path = News_swiftuiApp.swift; sourceTree = "<group>"; };
		38745F032ACC010E00ABA5FC /* ContentView.swift */ = {isa = PBXFileReference; lastKnownFileType = sourcecode.swift; path = ContentView.swift; sourceTree = "<group>"; };
		38745F052ACC010F00ABA5FC /* Assets.xcassets */ = {isa = PBXFileReference; lastKnownFileType = folder.assetcatalog; path = Assets.xcassets; sourceTree = "<group>"; };
		38745F082ACC010F00ABA5FC /* Preview Assets.xcassets */ = {isa = PBXFileReference; lastKnownFileType = folder.assetcatalog; path = "Preview Assets.xcassets"; sourceTree = "<group>"; };
		38745F132ACC02CB00ABA5FC /* NetworkManager.swift */ = {isa = PBXFileReference; lastKnownFileType = sourcecode.swift; path = NetworkManager.swift; sourceTree = "<group>"; };
		38745F152ACC061800ABA5FC /* Post.swift */ = {isa = PBXFileReference; lastKnownFileType = sourcecode.swift; path = Post.swift; sourceTree = "<group>"; };
		38745F182ACC0BC300ABA5FC /* DetailView.swift */ = {isa = PBXFileReference; lastKnownFileType = sourcecode.swift; path = DetailView.swift; sourceTree = "<group>"; };
		38745F1A2ACC0F2D00ABA5FC /* DetailWebView.swift */ = {isa = PBXFileReference; lastKnownFileType = sourcecode.swift; path = DetailWebView.swift; sourceTree = "<group>"; };
/* End PBXFileReference section */

/* Begin PBXFrameworksBuildPhase section */
		38745EFB2ACC010E00ABA5FC /* Frameworks */ = {
			isa = PBXFrameworksBuildPhase;
			buildActionMask = 2147483647;
			files = (
			);
			runOnlyForDeploymentPostprocessing = 0;
		};
/* End PBXFrameworksBuildPhase section */

/* Begin PBXGroup section */
		38745EF52ACC010D00ABA5FC = {
			isa = PBXGroup;
			children = (
				38745F002ACC010E00ABA5FC /* News-swiftui */,
				38745EFF2ACC010E00ABA5FC /* Products */,
			);
			sourceTree = "<group>";
		};
		38745EFF2ACC010E00ABA5FC /* Products */ = {
			isa = PBXGroup;
			children = (
				38745EFE2ACC010E00ABA5FC /* News-swiftui.app */,
			);
			name = Products;
			sourceTree = "<group>";
		};
		38745F002ACC010E00ABA5FC /* News-swiftui */ = {
			isa = PBXGroup;
			children = (
				38745F012ACC010E00ABA5FC /* News_swiftuiApp.swift */,
				38745F172ACC0BB000ABA5FC /* Views */,
				38745F122ACC02B400ABA5FC /* Managers */,
				38745F112ACC029A00ABA5FC /* Model */,
				38745F052ACC010F00ABA5FC /* Assets.xcassets */,
				38745F072ACC010F00ABA5FC /* Preview Content */,
			);
			path = "News-swiftui";
			sourceTree = "<group>";
		};
		38745F072ACC010F00ABA5FC /* Preview Content */ = {
			isa = PBXGroup;
			children = (
				38745F082ACC010F00ABA5FC /* Preview Assets.xcassets */,
			);
			path = "Preview Content";
			sourceTree = "<group>";
		};
		38745F112ACC029A00ABA5FC /* Model */ = {
			isa = PBXGroup;
			children = (
				38745F152ACC061800ABA5FC /* Post.swift */,
			);
			path = Model;
			sourceTree = "<group>";
		};
		38745F122ACC02B400ABA5FC /* Managers */ = {
			isa = PBXGroup;
			children = (
				38745F132ACC02CB00ABA5FC /* NetworkManager.swift */,
			);
			path = Managers;
			sourceTree = "<group>";
		};
		38745F172ACC0BB000ABA5FC /* Views */ = {
			isa = PBXGroup;
			children = (
				38745F032ACC010E00ABA5FC /* ContentView.swift */,
				38745F182ACC0BC300ABA5FC /* DetailView.swift */,
				38745F1A2ACC0F2D00ABA5FC /* DetailWebView.swift */,
			);
			path = Views;
			sourceTree = "<group>";
		};
/* End PBXGroup section */

/* Begin PBXNativeTarget section */
		38745EFD2ACC010E00ABA5FC /* News-swiftui */ = {
			isa = PBXNativeTarget;
			buildConfigurationList = 38745F0C2ACC010F00ABA5FC /* Build configuration list for PBXNativeTarget "News-swiftui" */;
			buildPhases = (
				38745EFA2ACC010E00ABA5FC /* Sources */,
				38745EFB2ACC010E00ABA5FC /* Frameworks */,
				38745EFC2ACC010E00ABA5FC /* Resources */,
			);
			buildRules = (
			);
			dependencies = (
			);
			name = "News-swiftui";
			productName = "News-swiftui";
			productReference = 38745EFE2ACC010E00ABA5FC /* News-swiftui.app */;
			productType = "com.apple.product-type.application";
		};
/* End PBXNativeTarget section */

/* Begin PBXProject section */
		38745EF62ACC010D00ABA5FC /* Project object */ = {
			isa = PBXProject;
			attributes = {
				BuildIndependentTargetsInParallel = 1;
				LastSwiftUpdateCheck = 1430;
				LastUpgradeCheck = 1430;
				TargetAttributes = {
					38745EFD2ACC010E00ABA5FC = {
						CreatedOnToolsVersion = 14.3.1;
					};
				};
			};
			buildConfigurationList = 38745EF92ACC010D00ABA5FC /* Build configuration list for PBXProject "News-swiftui" */;
			compatibilityVersion = "Xcode 14.0";
			developmentRegion = en;
			hasScannedForEncodings = 0;
			knownRegions = (
				en,
				Base,
			);
			mainGroup = 38745EF52ACC010D00ABA5FC;
			productRefGroup = 38745EFF2ACC010E00ABA5FC /* Products */;
			projectDirPath = "";
			projectRoot = "";
			targets = (
				38745EFD2ACC010E00ABA5FC /* News-swiftui */,
			);
		};
/* End PBXProject section */

/* Begin PBXResourcesBuildPhase section */
		38745EFC2ACC010E00ABA5FC /* Resources */ = {
			isa = PBXResourcesBuildPhase;
			buildActionMask = 2147483647;
			files = (
				38745F092ACC010F00ABA5FC /* Preview Assets.xcassets in Resources */,
				38745F062ACC010F00ABA5FC /* Assets.xcassets in Resources */,
			);
			runOnlyForDeploymentPostprocessing = 0;
		};
/* End PBXResourcesBuildPhase section */

/* Begin PBXSourcesBuildPhase section */
		38745EFA2ACC010E00ABA5FC /* Sources */ = {
			isa = PBXSourcesBuildPhase;
			buildActionMask = 2147483647;
			files = (
				38745F1B2ACC0F2D00ABA5FC /* DetailWebView.swift in Sources */,
				38745F142ACC02CB00ABA5FC /* NetworkManager.swift in Sources */,
				38745F042ACC010E00ABA5FC /* ContentView.swift in Sources */,
				38745F162ACC061800ABA5FC /* Post.swift in Sources */,
				38745F192ACC0BC300ABA5FC /* DetailView.swift in Sources */,
				38745F022ACC010E00ABA5FC /* News_swiftuiApp.swift in Sources */,
			);
			runOnlyForDeploymentPostprocessing = 0;
		};
/* End PBXSourcesBuildPhase section */

/* Begin XCBuildConfiguration section */
		38745F0A2ACC010F00ABA5FC /* Debug */ = {
			isa = XCBuildConfiguration;
			buildSettings = {
				ALWAYS_SEARCH_USER_PATHS = NO;
				CLANG_ANALYZER_NONNULL = YES;
				CLANG_ANALYZER_NUMBER_OBJECT_CONVERSION = YES_AGGRESSIVE;
				CLANG_CXX_LANGUAGE_STANDARD = "gnu++20";
				CLANG_ENABLE_MODULES = YES;
				CLANG_ENABLE_OBJC_ARC = YES;
				CLANG_ENABLE_OBJC_WEAK = YES;
				CLANG_WARN_BLOCK_CAPTURE_AUTORELEASING = YES;
				CLANG_WARN_BOOL_CONVERSION = YES;
				CLANG_WARN_COMMA = YES;
				CLANG_WARN_CONSTANT_CONVERSION = YES;
				CLANG_WARN_DEPRECATED_OBJC_IMPLEMENTATIONS = YES;
				CLANG_WARN_DIRECT_OBJC_ISA_USAGE = YES_ERROR;
				CLANG_WARN_DOCUMENTATION_COMMENTS = YES;
				CLANG_WARN_EMPTY_BODY = YES;
				CLANG_WARN_ENUM_CONVERSION = YES;
				CLANG_WARN_INFINITE_RECURSION = YES;
				CLANG_WARN_INT_CONVERSION = YES;
				CLANG_WARN_NON_LITERAL_NULL_CONVERSION = YES;
				CLANG_WARN_OBJC_IMPLICIT_RETAIN_SELF = YES;
				CLANG_WARN_OBJC_LITERAL_CONVERSION = YES;
				CLANG_WARN_OBJC_ROOT_CLASS = YES_ERROR;
				CLANG_WARN_QUOTED_INCLUDE_IN_FRAMEWORK_HEADER = YES;
				CLANG_WARN_RANGE_LOOP_ANALYSIS = YES;
				CLANG_WARN_STRICT_PROTOTYPES = YES;
				CLANG_WARN_SUSPICIOUS_MOVE = YES;
				CLANG_WARN_UNGUARDED_AVAILABILITY = YES_AGGRESSIVE;
				CLANG_WARN_UNREACHABLE_CODE = YES;
				CLANG_WARN__DUPLICATE_METHOD_MATCH = YES;
				COPY_PHASE_STRIP = NO;
				DEBUG_INFORMATION_FORMAT = dwarf;
				ENABLE_STRICT_OBJC_MSGSEND = YES;
				ENABLE_TESTABILITY = YES;
				GCC_C_LANGUAGE_STANDARD = gnu11;
				GCC_DYNAMIC_NO_PIC = NO;
				GCC_NO_COMMON_BLOCKS = YES;
				GCC_OPTIMIZATION_LEVEL = 0;
				GCC_PREPROCESSOR_DEFINITIONS = (
					"DEBUG=1",
					"$(inherited)",
				);
				GCC_WARN_64_TO_32_BIT_CONVERSION = YES;
				GCC_WARN_ABOUT_RETURN_TYPE = YES_ERROR;
				GCC_WARN_UNDECLARED_SELECTOR = YES;
				GCC_WARN_UNINITIALIZED_AUTOS = YES_AGGRESSIVE;
				GCC_WARN_UNUSED_FUNCTION = YES;
				GCC_WARN_UNUSED_VARIABLE = YES;
				IPHONEOS_DEPLOYMENT_TARGET = 16.4;
				MTL_ENABLE_DEBUG_INFO = INCLUDE_SOURCE;
				MTL_FAST_MATH = YES;
				ONLY_ACTIVE_ARCH = YES;
				SDKROOT = iphoneos;
				SWIFT_ACTIVE_COMPILATION_CONDITIONS = DEBUG;
				SWIFT_OPTIMIZATION_LEVEL = "-Onone";
			};
			name = Debug;
		};
		38745F0B2ACC010F00ABA5FC /* Release */ = {
			isa = XCBuildConfiguration;
			buildSettings = {
				ALWAYS_SEARCH_USER_PATHS = NO;
				CLANG_ANALYZER_NONNULL = YES;
				CLANG_ANALYZER_NUMBER_OBJECT_CONVERSION = YES_AGGRESSIVE;
				CLANG_CXX_LANGUAGE_STANDARD = "gnu++20";
				CLANG_ENABLE_MODULES = YES;
				CLANG_ENABLE_OBJC_ARC = YES;
				CLANG_ENABLE_OBJC_WEAK = YES;
				CLANG_WARN_BLOCK_CAPTURE_AUTORELEASING = YES;
				CLANG_WARN_BOOL_CONVERSION = YES;
				CLANG_WARN_COMMA = YES;
				CLANG_WARN_CONSTANT_CONVERSION = YES;
				CLANG_WARN_DEPRECATED_OBJC_IMPLEMENTATIONS = YES;
				CLANG_WARN_DIRECT_OBJC_ISA_USAGE = YES_ERROR;
				CLANG_WARN_DOCUMENTATION_COMMENTS = YES;
				CLANG_WARN_EMPTY_BODY = YES;
				CLANG_WARN_ENUM_CONVERSION = YES;
				CLANG_WARN_INFINITE_RECURSION = YES;
				CLANG_WARN_INT_CONVERSION = YES;
				CLANG_WARN_NON_LITERAL_NULL_CONVERSION = YES;
				CLANG_WARN_OBJC_IMPLICIT_RETAIN_SELF = YES;
				CLANG_WARN_OBJC_LITERAL_CONVERSION = YES;
				CLANG_WARN_OBJC_ROOT_CLASS = YES_ERROR;
				CLANG_WARN_QUOTED_INCLUDE_IN_FRAMEWORK_HEADER = YES;
				CLANG_WARN_RANGE_LOOP_ANALYSIS = YES;
				CLANG_WARN_STRICT_PROTOTYPES = YES;
				CLANG_WARN_SUSPICIOUS_MOVE = YES;
				CLANG_WARN_UNGUARDED_AVAILABILITY = YES_AGGRESSIVE;
				CLANG_WARN_UNREACHABLE_CODE = YES;
				CLANG_WARN__DUPLICATE_METHOD_MATCH = YES;
				COPY_PHASE_STRIP = NO;
				DEBUG_INFORMATION_FORMAT = "dwarf-with-dsym";
				ENABLE_NS_ASSERTIONS = NO;
				ENABLE_STRICT_OBJC_MSGSEND = YES;
				GCC_C_LANGUAGE_STANDARD = gnu11;
				GCC_NO_COMMON_BLOCKS = YES;
				GCC_WARN_64_TO_32_BIT_CONVERSION = YES;
				GCC_WARN_ABOUT_RETURN_TYPE = YES_ERROR;
				GCC_WARN_UNDECLARED_SELECTOR = YES;
				GCC_WARN_UNINITIALIZED_AUTOS = YES_AGGRESSIVE;
				GCC_WARN_UNUSED_FUNCTION = YES;
				GCC_WARN_UNUSED_VARIABLE = YES;
				IPHONEOS_DEPLOYMENT_TARGET = 16.4;
				MTL_ENABLE_DEBUG_INFO = NO;
				MTL_FAST_MATH = YES;
				SDKROOT = iphoneos;
				SWIFT_COMPILATION_MODE = wholemodule;
				SWIFT_OPTIMIZATION_LEVEL = "-O";
				VALIDATE_PRODUCT = YES;
			};
			name = Release;
		};
		38745F0D2ACC010F00ABA5FC /* Debug */ = {
			isa = XCBuildConfiguration;
			buildSettings = {
				ASSETCATALOG_COMPILER_APPICON_NAME = AppIcon;
				ASSETCATALOG_COMPILER_GLOBAL_ACCENT_COLOR_NAME = AccentColor;
				CODE_SIGN_STYLE = Automatic;
				CURRENT_PROJECT_VERSION = 1;
				DEVELOPMENT_ASSET_PATHS = "\"News-swiftui/Preview Content\"";
				ENABLE_PREVIEWS = YES;
				GENERATE_INFOPLIST_FILE = YES;
				INFOPLIST_KEY_UIApplicationSceneManifest_Generation = YES;
				INFOPLIST_KEY_UIApplicationSupportsIndirectInputEvents = YES;
				INFOPLIST_KEY_UILaunchScreen_Generation = YES;
				INFOPLIST_KEY_UISupportedInterfaceOrientations_iPad = "UIInterfaceOrientationPortrait UIInterfaceOrientationPortraitUpsideDown UIInterfaceOrientationLandscapeLeft UIInterfaceOrientationLandscapeRight";
				INFOPLIST_KEY_UISupportedInterfaceOrientations_iPhone = "UIInterfaceOrientationPortrait UIInterfaceOrientationLandscapeLeft UIInterfaceOrientationLandscapeRight";
				LD_RUNPATH_SEARCH_PATHS = (
					"$(inherited)",
					"@executable_path/Frameworks",
				);
				MARKETING_VERSION = 1.0;
				PRODUCT_BUNDLE_IDENTIFIER = "com..News-swiftui";
				PRODUCT_NAME = "$(TARGET_NAME)";
				SWIFT_EMIT_LOC_STRINGS = YES;
				SWIFT_VERSION = 5.0;
				TARGETED_DEVICE_FAMILY = "1,2";
			};
			name = Debug;
		};
		38745F0E2ACC010F00ABA5FC /* Release */ = {
			isa = XCBuildConfiguration;
			buildSettings = {
				ASSETCATALOG_COMPILER_APPICON_NAME = AppIcon;
				ASSETCATALOG_COMPILER_GLOBAL_ACCENT_COLOR_NAME = AccentColor;
				CODE_SIGN_STYLE = Automatic;
				CURRENT_PROJECT_VERSION = 1;
				DEVELOPMENT_ASSET_PATHS = "\"News-swiftui/Preview Content\"";
				ENABLE_PREVIEWS = YES;
				GENERATE_INFOPLIST_FILE = YES;
				INFOPLIST_KEY_UIApplicationSceneManifest_Generation = YES;
				INFOPLIST_KEY_UIApplicationSupportsIndirectInputEvents = YES;
				INFOPLIST_KEY_UILaunchScreen_Generation = YES;
				INFOPLIST_KEY_UISupportedInterfaceOrientations_iPad = "UIInterfaceOrientationPortrait UIInterfaceOrientationPortraitUpsideDown UIInterfaceOrientationLandscapeLeft UIInterfaceOrientationLandscapeRight";
				INFOPLIST_KEY_UISupportedInterfaceOrientations_iPhone = "UIInterfaceOrientationPortrait UIInterfaceOrientationLandscapeLeft UIInterfaceOrientationLandscapeRight";
				LD_RUNPATH_SEARCH_PATHS = (
					"$(inherited)",
					"@executable_path/Frameworks",
				);
				MARKETING_VERSION = 1.0;
				PRODUCT_BUNDLE_IDENTIFIER = "com..News-swiftui";
				PRODUCT_NAME = "$(TARGET_NAME)";
				SWIFT_EMIT_LOC_STRINGS = YES;
				SWIFT_VERSION = 5.0;
				TARGETED_DEVICE_FAMILY = "1,2";
			};
			name = Release;
		};
/* End XCBuildConfiguration section */

/* Begin XCConfigurationList section */
		38745EF92ACC010D00ABA5FC /* Build configuration list for PBXProject "News-swiftui" */ = {
			isa = XCConfigurationList;
			buildConfigurations = (
				38745F0A2ACC010F00ABA5FC /* Debug */,
				38745F0B2ACC010F00ABA5FC /* Release */,
			);
			defaultConfigurationIsVisible = 0;
			defaultConfigurationName = Release;
		};
		38745F0C2ACC010F00ABA5FC /* Build configuration list for PBXNativeTarget "News-swiftui" */ = {
			isa = XCConfigurationList;
			buildConfigurations = (
				38745F0D2ACC010F00ABA5FC /* Debug */,
				38745F0E2ACC010F00ABA5FC /* Release */,
			);
			defaultConfigurationIsVisible = 0;
			defaultConfigurationName = Release;
		};
/* End XCConfigurationList section */
	};
	rootObject = 38745EF62ACC010D00ABA5FC /* Project object */;
}
